{
  "name": "sqlite3-async",
  "version": "1.0.0",
  "lockfileVersion": 1,
  "requires": true,
  "dependencies": {
    "@types/node": {
      "version": "13.9.1",
      "resolved": "https://registry.npmjs.org/@types/node/-/node-13.9.1.tgz",
      "integrity": "sha512-E6M6N0blf/jiZx8Q3nb0vNaswQeEyn0XlupO+xN6DtJ6r6IT4nXrTry7zhIfYvFCl3/8Cu6WIysmUBKiqV0bqQ==",
      "dev": true
    },
    "@types/sqlite3": {
      "version": "3.1.6",
      "resolved": "https://registry.npmjs.org/@types/sqlite3/-/sqlite3-3.1.6.tgz",
      "integrity": "sha512-OBsK0KIGUICExQ/ZvnPY4cKx5Kz4NcrVyGTIvOL5y4ajXu7r++RfBajfpGfGDmDVCKcoCDX1dO84/oeyeITnxA==",
      "dev": true,
      "requires": {
        "@types/node": "*"
      }
    }
  }
}
